// !$*UTF8*$!
{
	archiveVersion = 1;
	classes = {
	};
	objectVersion = 48;
	objects = {

/* Begin PBXBuildFile section */
		42E2C4A8B779DA011F53AC43 /* Pods_AutoArrange.framework in Frameworks */ = {isa = PBXBuildFile; fileRef = 8D79C74B7F936CAADAF75DEE /* Pods_AutoArrange.framework */; };
		5A365E501FE263C300B893DD /* PositionedImageCollection.swift in Sources */ = {isa = PBXBuildFile; fileRef = 5A365E4F1FE263C300B893DD /* PositionedImageCollection.swift */; };
		5A365E521FE2641300B893DD /* RectArranger.swift in Sources */ = {isa = PBXBuildFile; fileRef = 5A365E511FE2641300B893DD /* RectArranger.swift */; };
		5A3AC97D1FEB93CC00713CCA /* Arrangement.swift in Sources */ = {isa = PBXBuildFile; fileRef = 5A3AC97C1FEB93CC00713CCA /* Arrangement.swift */; };
		5A3AC97F1FEB95AD00713CCA /* PositionedImage.swift in Sources */ = {isa = PBXBuildFile; fileRef = 5A3AC97E1FEB95AC00713CCA /* PositionedImage.swift */; };
		5A3C28B81FE1B62B0073C8E4 /* AppDelegate.swift in Sources */ = {isa = PBXBuildFile; fileRef = 5A3C28B71FE1B62B0073C8E4 /* AppDelegate.swift */; };
		5A3C28BA1FE1B62B0073C8E4 /* ArrangementsController.swift in Sources */ = {isa = PBXBuildFile; fileRef = 5A3C28B91FE1B62B0073C8E4 /* ArrangementsController.swift */; };
		5A3C28BD1FE1B62B0073C8E4 /* Main.storyboard in Resources */ = {isa = PBXBuildFile; fileRef = 5A3C28BB1FE1B62B0073C8E4 /* Main.storyboard */; };
		5A3C28BF1FE1B62B0073C8E4 /* Assets.xcassets in Resources */ = {isa = PBXBuildFile; fileRef = 5A3C28BE1FE1B62B0073C8E4 /* Assets.xcassets */; };
		5A3C28C21FE1B62B0073C8E4 /* LaunchScreen.storyboard in Resources */ = {isa = PBXBuildFile; fileRef = 5A3C28C01FE1B62B0073C8E4 /* LaunchScreen.storyboard */; };
		5A43C2371FEDDC4200FD5302 /* MySplitViewController.swift in Sources */ = {isa = PBXBuildFile; fileRef = 5A43C2361FEDDC4200FD5302 /* MySplitViewController.swift */; };
		5A48AD421FF1D33B0004C87E /* DataPasserController.swift in Sources */ = {isa = PBXBuildFile; fileRef = 5A48AD411FF1D33B0004C87E /* DataPasserController.swift */; };
		5A48AD441FF1D3F00004C87E /* ArrangemenEditorController.swift in Sources */ = {isa = PBXBuildFile; fileRef = 5A48AD431FF1D3F00004C87E /* ArrangemenEditorController.swift */; };
		5A4CBBEB1FF31F9100AE7218 /* FormTags.swift in Sources */ = {isa = PBXBuildFile; fileRef = 5A4CBBEA1FF31F9100AE7218 /* FormTags.swift */; };
/* End PBXBuildFile section */

/* Begin PBXFileReference section */
		1F22FD8862B0588C742D783B /* Pods-AutoArrange.release.xcconfig */ = {isa = PBXFileReference; includeInIndex = 1; lastKnownFileType = text.xcconfig; name = "Pods-AutoArrange.release.xcconfig"; path = "Pods/Target Support Files/Pods-AutoArrange/Pods-AutoArrange.release.xcconfig"; sourceTree = "<group>"; };
		5A365E4F1FE263C300B893DD /* PositionedImageCollection.swift */ = {isa = PBXFileReference; lastKnownFileType = sourcecode.swift; path = PositionedImageCollection.swift; sourceTree = "<group>"; };
		5A365E511FE2641300B893DD /* RectArranger.swift */ = {isa = PBXFileReference; lastKnownFileType = sourcecode.swift; path = RectArranger.swift; sourceTree = "<group>"; };
		5A3AC97C1FEB93CC00713CCA /* Arrangement.swift */ = {isa = PBXFileReference; lastKnownFileType = sourcecode.swift; path = Arrangement.swift; sourceTree = "<group>"; };
		5A3AC97E1FEB95AC00713CCA /* PositionedImage.swift */ = {isa = PBXFileReference; lastKnownFileType = sourcecode.swift; path = PositionedImage.swift; sourceTree = "<group>"; };
		5A3C28B41FE1B62B0073C8E4 /* AutoArrange.app */ = {isa = PBXFileReference; explicitFileType = wrapper.application; includeInIndex = 0; path = AutoArrange.app; sourceTree = BUILT_PRODUCTS_DIR; };
		5A3C28B71FE1B62B0073C8E4 /* AppDelegate.swift */ = {isa = PBXFileReference; lastKnownFileType = sourcecode.swift; path = AppDelegate.swift; sourceTree = "<group>"; };
		5A3C28B91FE1B62B0073C8E4 /* ArrangementsController.swift */ = {isa = PBXFileReference; lastKnownFileType = sourcecode.swift; path = ArrangementsController.swift; sourceTree = "<group>"; };
		5A3C28BC1FE1B62B0073C8E4 /* Base */ = {isa = PBXFileReference; lastKnownFileType = file.storyboard; name = Base; path = Base.lproj/Main.storyboard; sourceTree = "<group>"; };
		5A3C28BE1FE1B62B0073C8E4 /* Assets.xcassets */ = {isa = PBXFileReference; lastKnownFileType = folder.assetcatalog; path = Assets.xcassets; sourceTree = "<group>"; };
		5A3C28C11FE1B62B0073C8E4 /* Base */ = {isa = PBXFileReference; lastKnownFileType = file.storyboard; name = Base; path = Base.lproj/LaunchScreen.storyboard; sourceTree = "<group>"; };
		5A3C28C31FE1B62B0073C8E4 /* Info.plist */ = {isa = PBXFileReference; lastKnownFileType = text.plist.xml; path = Info.plist; sourceTree = "<group>"; };
		5A43C2361FEDDC4200FD5302 /* MySplitViewController.swift */ = {isa = PBXFileReference; lastKnownFileType = sourcecode.swift; path = MySplitViewController.swift; sourceTree = "<group>"; };
		5A48AD411FF1D33B0004C87E /* DataPasserController.swift */ = {isa = PBXFileReference; lastKnownFileType = sourcecode.swift; path = DataPasserController.swift; sourceTree = "<group>"; };
		5A48AD431FF1D3F00004C87E /* ArrangemenEditorController.swift */ = {isa = PBXFileReference; lastKnownFileType = sourcecode.swift; path = ArrangemenEditorController.swift; sourceTree = "<group>"; };
		5A4CBBEA1FF31F9100AE7218 /* FormTags.swift */ = {isa = PBXFileReference; lastKnownFileType = sourcecode.swift; path = FormTags.swift; sourceTree = "<group>"; };
		8D79C74B7F936CAADAF75DEE /* Pods_AutoArrange.framework */ = {isa = PBXFileReference; explicitFileType = wrapper.framework; includeInIndex = 0; path = Pods_AutoArrange.framework; sourceTree = BUILT_PRODUCTS_DIR; };
		B61CBA82713AF7BAA24F2814 /* Pods-AutoArrange.debug.xcconfig */ = {isa = PBXFileReference; includeInIndex = 1; lastKnownFileType = text.xcconfig; name = "Pods-AutoArrange.debug.xcconfig"; path = "Pods/Target Support Files/Pods-AutoArrange/Pods-AutoArrange.debug.xcconfig"; sourceTree = "<group>"; };
/* End PBXFileReference section */

/* Begin PBXFrameworksBuildPhase section */
		5A3C28B11FE1B62B0073C8E4 /* Frameworks */ = {
			isa = PBXFrameworksBuildPhase;
			buildActionMask = 2147483647;
			files = (
				42E2C4A8B779DA011F53AC43 /* Pods_AutoArrange.framework in Frameworks */,
			);
			runOnlyForDeploymentPostprocessing = 0;
		};
/* End PBXFrameworksBuildPhase section */

/* Begin PBXGroup section */
		1DC9ACEA07924F2514FEF8F2 /* Frameworks */ = {
			isa = PBXGroup;
			children = (
				8D79C74B7F936CAADAF75DEE /* Pods_AutoArrange.framework */,
			);
			name = Frameworks;
			sourceTree = "<group>";
		};
		5A3C28AB1FE1B62B0073C8E4 = {
			isa = PBXGroup;
			children = (
				5A3C28B61FE1B62B0073C8E4 /* AutoArrange */,
				5A3C28B51FE1B62B0073C8E4 /* Products */,
				DED4ACF193221A88CED3EF39 /* Pods */,
				1DC9ACEA07924F2514FEF8F2 /* Frameworks */,
			);
			sourceTree = "<group>";
		};
		5A3C28B51FE1B62B0073C8E4 /* Products */ = {
			isa = PBXGroup;
			children = (
				5A3C28B41FE1B62B0073C8E4 /* AutoArrange.app */,
			);
			name = Products;
			sourceTree = "<group>";
		};
		5A3C28B61FE1B62B0073C8E4 /* AutoArrange */ = {
			isa = PBXGroup;
			children = (
				5A3C28B71FE1B62B0073C8E4 /* AppDelegate.swift */,
				5A3C28B91FE1B62B0073C8E4 /* ArrangementsController.swift */,
				5A48AD431FF1D3F00004C87E /* ArrangemenEditorController.swift */,
				5A43C2361FEDDC4200FD5302 /* MySplitViewController.swift */,
				5A48AD411FF1D33B0004C87E /* DataPasserController.swift */,
				5A3C28BB1FE1B62B0073C8E4 /* Main.storyboard */,
				5A3C28BE1FE1B62B0073C8E4 /* Assets.xcassets */,
				5A3C28C01FE1B62B0073C8E4 /* LaunchScreen.storyboard */,
				5A3C28C31FE1B62B0073C8E4 /* Info.plist */,
				5A3AC97E1FEB95AC00713CCA /* PositionedImage.swift */,
				5A365E4F1FE263C300B893DD /* PositionedImageCollection.swift */,
				5A365E511FE2641300B893DD /* RectArranger.swift */,
				5A3AC97C1FEB93CC00713CCA /* Arrangement.swift */,
				5A4CBBEA1FF31F9100AE7218 /* FormTags.swift */,
			);
			path = AutoArrange;
			sourceTree = "<group>";
		};
		DED4ACF193221A88CED3EF39 /* Pods */ = {
			isa = PBXGroup;
			children = (
				B61CBA82713AF7BAA24F2814 /* Pods-AutoArrange.debug.xcconfig */,
				1F22FD8862B0588C742D783B /* Pods-AutoArrange.release.xcconfig */,
			);
			name = Pods;
			sourceTree = "<group>";
		};
/* End PBXGroup section */

/* Begin PBXNativeTarget section */
		5A3C28B31FE1B62B0073C8E4 /* AutoArrange */ = {
			isa = PBXNativeTarget;
			buildConfigurationList = 5A3C28C61FE1B62B0073C8E4 /* Build configuration list for PBXNativeTarget "AutoArrange" */;
			buildPhases = (
				87C52D27D8310FEDD7AA1050 /* [CP] Check Pods Manifest.lock */,
				5A3C28B01FE1B62B0073C8E4 /* Sources */,
				5A3C28B11FE1B62B0073C8E4 /* Frameworks */,
				5A3C28B21FE1B62B0073C8E4 /* Resources */,
				F73C7BC5FA903C89C9F750A1 /* [CP] Embed Pods Frameworks */,
				C895CA4F3DE19087A96AC4FC /* [CP] Copy Pods Resources */,
			);
			buildRules = (
			);
			dependencies = (
			);
			name = AutoArrange;
			productName = AutoArrange;
			productReference = 5A3C28B41FE1B62B0073C8E4 /* AutoArrange.app */;
			productType = "com.apple.product-type.application";
		};
/* End PBXNativeTarget section */

/* Begin PBXProject section */
		5A3C28AC1FE1B62B0073C8E4 /* Project object */ = {
			isa = PBXProject;
			attributes = {
				LastSwiftUpdateCheck = 0910;
				LastUpgradeCheck = 0910;
				ORGANIZATIONNAME = "Mulang Su";
				TargetAttributes = {
					5A3C28B31FE1B62B0073C8E4 = {
						CreatedOnToolsVersion = 9.1;
						ProvisioningStyle = Automatic;
					};
				};
			};
			buildConfigurationList = 5A3C28AF1FE1B62B0073C8E4 /* Build configuration list for PBXProject "AutoArrange" */;
			compatibilityVersion = "Xcode 8.0";
			developmentRegion = en;
			hasScannedForEncodings = 0;
			knownRegions = (
				en,
				Base,
			);
			mainGroup = 5A3C28AB1FE1B62B0073C8E4;
			productRefGroup = 5A3C28B51FE1B62B0073C8E4 /* Products */;
			projectDirPath = "";
			projectRoot = "";
			targets = (
				5A3C28B31FE1B62B0073C8E4 /* AutoArrange */,
			);
		};
/* End PBXProject section */

/* Begin PBXResourcesBuildPhase section */
		5A3C28B21FE1B62B0073C8E4 /* Resources */ = {
			isa = PBXResourcesBuildPhase;
			buildActionMask = 2147483647;
			files = (
				5A3C28C21FE1B62B0073C8E4 /* LaunchScreen.storyboard in Resources */,
				5A3C28BF1FE1B62B0073C8E4 /* Assets.xcassets in Resources */,
				5A3C28BD1FE1B62B0073C8E4 /* Main.storyboard in Resources */,
			);
			runOnlyForDeploymentPostprocessing = 0;
		};
/* End PBXResourcesBuildPhase section */

/* Begin PBXShellScriptBuildPhase section */
		87C52D27D8310FEDD7AA1050 /* [CP] Check Pods Manifest.lock */ = {
			isa = PBXShellScriptBuildPhase;
			buildActionMask = 2147483647;
			files = (
			);
			inputPaths = (
				"${PODS_PODFILE_DIR_PATH}/Podfile.lock",
				"${PODS_ROOT}/Manifest.lock",
			);
			name = "[CP] Check Pods Manifest.lock";
			outputPaths = (
				"$(DERIVED_FILE_DIR)/Pods-AutoArrange-checkManifestLockResult.txt",
			);
			runOnlyForDeploymentPostprocessing = 0;
			shellPath = /bin/sh;
			shellScript = "diff \"${PODS_PODFILE_DIR_PATH}/Podfile.lock\" \"${PODS_ROOT}/Manifest.lock\" > /dev/null\nif [ $? != 0 ] ; then\n    # print error to STDERR\n    echo \"error: The sandbox is not in sync with the Podfile.lock. Run 'pod install' or update your CocoaPods installation.\" >&2\n    exit 1\nfi\n# This output is used by Xcode 'outputs' to avoid re-running this script phase.\necho \"SUCCESS\" > \"${SCRIPT_OUTPUT_FILE_0}\"\n";
			showEnvVarsInLog = 0;
		};
		C895CA4F3DE19087A96AC4FC /* [CP] Copy Pods Resources */ = {
			isa = PBXShellScriptBuildPhase;
			buildActionMask = 2147483647;
			files = (
			);
			inputPaths = (
			);
			name = "[CP] Copy Pods Resources";
			outputPaths = (
			);
			runOnlyForDeploymentPostprocessing = 0;
			shellPath = /bin/sh;
			shellScript = "\"${SRCROOT}/Pods/Target Support Files/Pods-AutoArrange/Pods-AutoArrange-resources.sh\"\n";
			showEnvVarsInLog = 0;
		};
		F73C7BC5FA903C89C9F750A1 /* [CP] Embed Pods Frameworks */ = {
			isa = PBXShellScriptBuildPhase;
			buildActionMask = 2147483647;
			files = (
			);
			inputPaths = (
				"${SRCROOT}/Pods/Target Support Files/Pods-AutoArrange/Pods-AutoArrange-frameworks.sh",
				"${BUILT_PRODUCTS_DIR}/EZLoadingActivity/EZLoadingActivity.framework",
				"${BUILT_PRODUCTS_DIR}/Eureka/Eureka.framework",
				"${BUILT_PRODUCTS_DIR}/Realm/Realm.framework",
				"${BUILT_PRODUCTS_DIR}/RealmSwift/RealmSwift.framework",
				"${BUILT_PRODUCTS_DIR}/RxCocoa/RxCocoa.framework",
				"${BUILT_PRODUCTS_DIR}/RxSwift/RxSwift.framework",
				"${BUILT_PRODUCTS_DIR}/SCLAlertView-Objective-C/SCLAlertView_Objective_C.framework",
				"${BUILT_PRODUCTS_DIR}/SwiftyUtils/SwiftyUtils.framework",
				"${BUILT_PRODUCTS_DIR}/TLPhotoPicker/TLPhotoPicker.framework",
				"${BUILT_PRODUCTS_DIR}/UIView+draggable/UIView_draggable.framework",
				"${BUILT_PRODUCTS_DIR}/ViewRow/ViewRow.framework",
			);
			name = "[CP] Embed Pods Frameworks";
			outputPaths = (
				"${TARGET_BUILD_DIR}/${FRAMEWORKS_FOLDER_PATH}/EZLoadingActivity.framework",
				"${TARGET_BUILD_DIR}/${FRAMEWORKS_FOLDER_PATH}/Eureka.framework",
				"${TARGET_BUILD_DIR}/${FRAMEWORKS_FOLDER_PATH}/Realm.framework",
				"${TARGET_BUILD_DIR}/${FRAMEWORKS_FOLDER_PATH}/RealmSwift.framework",
				"${TARGET_BUILD_DIR}/${FRAMEWORKS_FOLDER_PATH}/RxCocoa.framework",
				"${TARGET_BUILD_DIR}/${FRAMEWORKS_FOLDER_PATH}/RxSwift.framework",
				"${TARGET_BUILD_DIR}/${FRAMEWORKS_FOLDER_PATH}/SCLAlertView_Objective_C.framework",
				"${TARGET_BUILD_DIR}/${FRAMEWORKS_FOLDER_PATH}/SwiftyUtils.framework",
				"${TARGET_BUILD_DIR}/${FRAMEWORKS_FOLDER_PATH}/TLPhotoPicker.framework",
				"${TARGET_BUILD_DIR}/${FRAMEWORKS_FOLDER_PATH}/UIView_draggable.framework",
				"${TARGET_BUILD_DIR}/${FRAMEWORKS_FOLDER_PATH}/ViewRow.framework",
			);
			runOnlyForDeploymentPostprocessing = 0;
			shellPath = /bin/sh;
			shellScript = "\"${SRCROOT}/Pods/Target Support Files/Pods-AutoArrange/Pods-AutoArrange-frameworks.sh\"\n";
			showEnvVarsInLog = 0;
		};
/* End PBXShellScriptBuildPhase section */

/* Begin PBXSourcesBuildPhase section */
		5A3C28B01FE1B62B0073C8E4 /* Sources */ = {
			isa = PBXSourcesBuildPhase;
			buildActionMask = 2147483647;
			files = (
				5A3C28BA1FE1B62B0073C8E4 /* ArrangementsController.swift in Sources */,
				5A365E521FE2641300B893DD /* RectArranger.swift in Sources */,
				5A43C2371FEDDC4200FD5302 /* MySplitViewController.swift in Sources */,
				5A365E501FE263C300B893DD /* PositionedImageCollection.swift in Sources */,
				5A3AC97F1FEB95AD00713CCA /* PositionedImage.swift in Sources */,
				5A48AD421FF1D33B0004C87E /* DataPasserController.swift in Sources */,
				5A3AC97D1FEB93CC00713CCA /* Arrangement.swift in Sources */,
				5A3C28B81FE1B62B0073C8E4 /* AppDelegate.swift in Sources */,
				5A4CBBEB1FF31F9100AE7218 /* FormTags.swift in Sources */,
				5A48AD441FF1D3F00004C87E /* ArrangemenEditorController.swift in Sources */,
			);
			runOnlyForDeploymentPostprocessing = 0;
		};
/* End PBXSourcesBuildPhase section */

/* Begin PBXVariantGroup section */
		5A3C28BB1FE1B62B0073C8E4 /* Main.storyboard */ = {
			isa = PBXVariantGroup;
			children = (
				5A3C28BC1FE1B62B0073C8E4 /* Base */,
			);
			name = Main.storyboard;
			sourceTree = "<group>";
		};
		5A3C28C01FE1B62B0073C8E4 /* LaunchScreen.storyboard */ = {
			isa = PBXVariantGroup;
			children = (
				5A3C28C11FE1B62B0073C8E4 /* Base */,
			);
			name = LaunchScreen.storyboard;
			sourceTree = "<group>";
		};
/* End PBXVariantGroup section */

/* Begin XCBuildConfiguration section */
		5A3C28C41FE1B62B0073C8E4 /* Debug */ = {
			isa = XCBuildConfiguration;
			buildSettings = {
				ALWAYS_SEARCH_USER_PATHS = NO;
				CLANG_ANALYZER_NONNULL = YES;
				CLANG_ANALYZER_NUMBER_OBJECT_CONVERSION = YES_AGGRESSIVE;
				CLANG_CXX_LANGUAGE_STANDARD = "gnu++14";
				CLANG_CXX_LIBRARY = "libc++";
				CLANG_ENABLE_MODULES = YES;
				CLANG_ENABLE_OBJC_ARC = YES;
				CLANG_WARN_BLOCK_CAPTURE_AUTORELEASING = YES;
				CLANG_WARN_BOOL_CONVERSION = YES;
				CLANG_WARN_COMMA = YES;
				CLANG_WARN_CONSTANT_CONVERSION = YES;
				CLANG_WARN_DIRECT_OBJC_ISA_USAGE = YES_ERROR;
				CLANG_WARN_DOCUMENTATION_COMMENTS = YES;
				CLANG_WARN_EMPTY_BODY = YES;
				CLANG_WARN_ENUM_CONVERSION = YES;
				CLANG_WARN_INFINITE_RECURSION = YES;
				CLANG_WARN_INT_CONVERSION = YES;
				CLANG_WARN_NON_LITERAL_NULL_CONVERSION = YES;
				CLANG_WARN_OBJC_LITERAL_CONVERSION = YES;
				CLANG_WARN_OBJC_ROOT_CLASS = YES_ERROR;
				CLANG_WARN_RANGE_LOOP_ANALYSIS = YES;
				CLANG_WARN_STRICT_PROTOTYPES = YES;
				CLANG_WARN_SUSPICIOUS_MOVE = YES;
				CLANG_WARN_UNGUARDED_AVAILABILITY = YES_AGGRESSIVE;
				CLANG_WARN_UNREACHABLE_CODE = YES;
				CLANG_WARN__DUPLICATE_METHOD_MATCH = YES;
				CODE_SIGN_IDENTITY = "iPhone Developer";
				COPY_PHASE_STRIP = NO;
				DEBUG_INFORMATION_FORMAT = dwarf;
				ENABLE_STRICT_OBJC_MSGSEND = YES;
				ENABLE_TESTABILITY = YES;
				GCC_C_LANGUAGE_STANDARD = gnu11;
				GCC_DYNAMIC_NO_PIC = NO;
				GCC_NO_COMMON_BLOCKS = YES;
				GCC_OPTIMIZATION_LEVEL = 0;
				GCC_PREPROCESSOR_DEFINITIONS = (
					"DEBUG=1",
					"$(inherited)",
				);
				GCC_WARN_64_TO_32_BIT_CONVERSION = YES;
				GCC_WARN_ABOUT_RETURN_TYPE = YES_ERROR;
				GCC_WARN_UNDECLARED_SELECTOR = YES;
				GCC_WARN_UNINITIALIZED_AUTOS = YES_AGGRESSIVE;
				GCC_WARN_UNUSED_FUNCTION = YES;
				GCC_WARN_UNUSED_VARIABLE = YES;
				IPHONEOS_DEPLOYMENT_TARGET = 11.1;
				MTL_ENABLE_DEBUG_INFO = YES;
				ONLY_ACTIVE_ARCH = YES;
				SDKROOT = iphoneos;
				SWIFT_ACTIVE_COMPILATION_CONDITIONS = DEBUG;
				SWIFT_OPTIMIZATION_LEVEL = "-Onone";
			};
			name = Debug;
		};
		5A3C28C51FE1B62B0073C8E4 /* Release */ = {
			isa = XCBuildConfiguration;
			buildSettings = {
				ALWAYS_SEARCH_USER_PATHS = NO;
				CLANG_ANALYZER_NONNULL = YES;
				CLANG_ANALYZER_NUMBER_OBJECT_CONVERSION = YES_AGGRESSIVE;
				CLANG_CXX_LANGUAGE_STANDARD = "gnu++14";
				CLANG_CXX_LIBRARY = "libc++";
				CLANG_ENABLE_MODULES = YES;
				CLANG_ENABLE_OBJC_ARC = YES;
				CLANG_WARN_BLOCK_CAPTURE_AUTORELEASING = YES;
				CLANG_WARN_BOOL_CONVERSION = YES;
				CLANG_WARN_COMMA = YES;
				CLANG_WARN_CONSTANT_CONVERSION = YES;
				CLANG_WARN_DIRECT_OBJC_ISA_USAGE = YES_ERROR;
				CLANG_WARN_DOCUMENTATION_COMMENTS = YES;
				CLANG_WARN_EMPTY_BODY = YES;
				CLANG_WARN_ENUM_CONVERSION = YES;
				CLANG_WARN_INFINITE_RECURSION = YES;
				CLANG_WARN_INT_CONVERSION = YES;
				CLANG_WARN_NON_LITERAL_NULL_CONVERSION = YES;
				CLANG_WARN_OBJC_LITERAL_CONVERSION = YES;
				CLANG_WARN_OBJC_ROOT_CLASS = YES_ERROR;
				CLANG_WARN_RANGE_LOOP_ANALYSIS = YES;
				CLANG_WARN_STRICT_PROTOTYPES = YES;
				CLANG_WARN_SUSPICIOUS_MOVE = YES;
				CLANG_WARN_UNGUARDED_AVAILABILITY = YES_AGGRESSIVE;
				CLANG_WARN_UNREACHABLE_CODE = YES;
				CLANG_WARN__DUPLICATE_METHOD_MATCH = YES;
				CODE_SIGN_IDENTITY = "iPhone Developer";
				COPY_PHASE_STRIP = NO;
				DEBUG_INFORMATION_FORMAT = "dwarf-with-dsym";
				ENABLE_NS_ASSERTIONS = NO;
				ENABLE_STRICT_OBJC_MSGSEND = YES;
				GCC_C_LANGUAGE_STANDARD = gnu11;
				GCC_NO_COMMON_BLOCKS = YES;
				GCC_WARN_64_TO_32_BIT_CONVERSION = YES;
				GCC_WARN_ABOUT_RETURN_TYPE = YES_ERROR;
				GCC_WARN_UNDECLARED_SELECTOR = YES;
				GCC_WARN_UNINITIALIZED_AUTOS = YES_AGGRESSIVE;
				GCC_WARN_UNUSED_FUNCTION = YES;
				GCC_WARN_UNUSED_VARIABLE = YES;
				IPHONEOS_DEPLOYMENT_TARGET = 11.1;
				MTL_ENABLE_DEBUG_INFO = NO;
				SDKROOT = iphoneos;
				SWIFT_OPTIMIZATION_LEVEL = "-Owholemodule";
				VALIDATE_PRODUCT = YES;
			};
			name = Release;
		};
		5A3C28C71FE1B62B0073C8E4 /* Debug */ = {
			isa = XCBuildConfiguration;
			baseConfigurationReference = B61CBA82713AF7BAA24F2814 /* Pods-AutoArrange.debug.xcconfig */;
			buildSettings = {
				ASSETCATALOG_COMPILER_APPICON_NAME = AppIcon;
				CODE_SIGN_STYLE = Automatic;
				DEVELOPMENT_TEAM = E9MW74DJ4Y;
				INFOPLIST_FILE = AutoArrange/Info.plist;
				IPHONEOS_DEPLOYMENT_TARGET = 9.1;
				LD_RUNPATH_SEARCH_PATHS = "$(inherited) @executable_path/Frameworks";
				PRODUCT_BUNDLE_IDENTIFIER = io.github.sweeper777.AutoArrange;
				PRODUCT_NAME = "$(TARGET_NAME)";
				SWIFT_VERSION = 4.0;
				TARGETED_DEVICE_FAMILY = "1,2";
			};
			name = Debug;
		};
		5A3C28C81FE1B62B0073C8E4 /* Release */ = {
			isa = XCBuildConfiguration;
			baseConfigurationReference = 1F22FD8862B0588C742D783B /* Pods-AutoArrange.release.xcconfig */;
			buildSettings = {
				ASSETCATALOG_COMPILER_APPICON_NAME = AppIcon;
				CODE_SIGN_STYLE = Automatic;
				DEVELOPMENT_TEAM = E9MW74DJ4Y;
				INFOPLIST_FILE = AutoArrange/Info.plist;
				IPHONEOS_DEPLOYMENT_TARGET = 9.1;
				LD_RUNPATH_SEARCH_PATHS = "$(inherited) @executable_path/Frameworks";
				PRODUCT_BUNDLE_IDENTIFIER = io.github.sweeper777.AutoArrange;
				PRODUCT_NAME = "$(TARGET_NAME)";
				SWIFT_VERSION = 4.0;
				TARGETED_DEVICE_FAMILY = "1,2";
			};
			name = Release;
		};
/* End XCBuildConfiguration section */

/* Begin XCConfigurationList section */
		5A3C28AF1FE1B62B0073C8E4 /* Build configuration list for PBXProject "AutoArrange" */ = {
			isa = XCConfigurationList;
			buildConfigurations = (
				5A3C28C41FE1B62B0073C8E4 /* Debug */,
				5A3C28C51FE1B62B0073C8E4 /* Release */,
			);
			defaultConfigurationIsVisible = 0;
			defaultConfigurationName = Release;
		};
		5A3C28C61FE1B62B0073C8E4 /* Build configuration list for PBXNativeTarget "AutoArrange" */ = {
			isa = XCConfigurationList;
			buildConfigurations = (
				5A3C28C71FE1B62B0073C8E4 /* Debug */,
				5A3C28C81FE1B62B0073C8E4 /* Release */,
			);
			defaultConfigurationIsVisible = 0;
			defaultConfigurationName = Release;
		};
/* End XCConfigurationList section */
	};
	rootObject = 5A3C28AC1FE1B62B0073C8E4 /* Project object */;
}
